
Microsoft Visual Studio Solution File, Format Version 12.00
# Visual Studio Version 18
VisualStudioVersion = 18.0.11222.15 d18.0
MinimumVisualStudioVersion = 10.0.40219.1
Project("{2150E333-8FDC-42A3-9474-1A3956D46DE8}") = "Functions", "Functions", "{CC8F5310-CB7F-4A3A-B0DE-D19AAD27E8BE}"
EndProject
Project("{FAE04EC0-301F-11D3-BF4B-00C04F79EFBC}") = "Azure.Samples.Functions", "Functions\Azure.Samples.Functions\Azure.Samples.Functions.csproj", "{A966E583-0826-4AD4-A90C-B72E113B8D15}"
EndProject
Project("{2150E333-8FDC-42A3-9474-1A3956D46DE8}") = "ServiceBus", "ServiceBus", "{CD818228-55E2-371B-8970-595487E8457D}"
EndProject
Project("{2150E333-8FDC-42A3-9474-1A3956D46DE8}") = "Infra", "Infra", "{A1B2C3D4-E5F6-7890-ABCD-EF1234567890}"
	ProjectSection(SolutionItems) = preProject
		ServiceBus\Infra\main.bicep = ServiceBus\Infra\main.bicep
		ServiceBus\Infra\main.parameters.json = ServiceBus\Infra\main.parameters.json
	EndProjectSection
EndProject
Project("{FAE04EC0-301F-11D3-BF4B-00C04F79EFBC}") = "Azure.Samples.ServiceBus.Producer", "ServiceBus\Azure.Samples.ServiceBus.Producer\Azure.Samples.ServiceBus.Producer.csproj", "{945385D4-521F-440E-B6A3-F7C6943EF1F0}"
EndProject
Project("{FAE04EC0-301F-11D3-BF4B-00C04F79EFBC}") = "Azure.Samples.ServiceBus.Consumer", "ServiceBus\Azure.Samples.ServiceBus.Consumer\Azure.Samples.ServiceBus.Consumer.csproj", "{45EDDB83-77D9-417B-8C11-C199074C3355}"
EndProject
Global
	GlobalSection(SolutionConfigurationPlatforms) = preSolution
		Debug|Any CPU = Debug|Any CPU
		Debug|x64 = Debug|x64
		Debug|x86 = Debug|x86
		Release|Any CPU = Release|Any CPU
		Release|x64 = Release|x64
		Release|x86 = Release|x86
	EndGlobalSection
	GlobalSection(ProjectConfigurationPlatforms) = postSolution
		{A966E583-0826-4AD4-A90C-B72E113B8D15}.Debug|Any CPU.ActiveCfg = Debug|Any CPU
		{A966E583-0826-4AD4-A90C-B72E113B8D15}.Debug|Any CPU.Build.0 = Debug|Any CPU
		{A966E583-0826-4AD4-A90C-B72E113B8D15}.Debug|x64.ActiveCfg = Debug|Any CPU
		{A966E583-0826-4AD4-A90C-B72E113B8D15}.Debug|x64.Build.0 = Debug|Any CPU
		{A966E583-0826-4AD4-A90C-B72E113B8D15}.Debug|x86.ActiveCfg = Debug|Any CPU
		{A966E583-0826-4AD4-A90C-B72E113B8D15}.Debug|x86.Build.0 = Debug|Any CPU
		{A966E583-0826-4AD4-A90C-B72E113B8D15}.Release|Any CPU.ActiveCfg = Release|Any CPU
		{A966E583-0826-4AD4-A90C-B72E113B8D15}.Release|Any CPU.Build.0 = Release|Any CPU
		{A966E583-0826-4AD4-A90C-B72E113B8D15}.Release|x64.ActiveCfg = Release|Any CPU
		{A966E583-0826-4AD4-A90C-B72E113B8D15}.Release|x64.Build.0 = Release|Any CPU
		{A966E583-0826-4AD4-A90C-B72E113B8D15}.Release|x86.ActiveCfg = Release|Any CPU
		{A966E583-0826-4AD4-A90C-B72E113B8D15}.Release|x86.Build.0 = Release|Any CPU
		{945385D4-521F-440E-B6A3-F7C6943EF1F0}.Debug|Any CPU.ActiveCfg = Debug|Any CPU
		{945385D4-521F-440E-B6A3-F7C6943EF1F0}.Debug|Any CPU.Build.0 = Debug|Any CPU
		{945385D4-521F-440E-B6A3-F7C6943EF1F0}.Debug|x64.ActiveCfg = Debug|Any CPU
		{945385D4-521F-440E-B6A3-F7C6943EF1F0}.Debug|x64.Build.0 = Debug|Any CPU
		{945385D4-521F-440E-B6A3-F7C6943EF1F0}.Debug|x86.ActiveCfg = Debug|Any CPU
		{945385D4-521F-440E-B6A3-F7C6943EF1F0}.Debug|x86.Build.0 = Debug|Any CPU
		{945385D4-521F-440E-B6A3-F7C6943EF1F0}.Release|Any CPU.ActiveCfg = Release|Any CPU
		{945385D4-521F-440E-B6A3-F7C6943EF1F0}.Release|Any CPU.Build.0 = Release|Any CPU
		{945385D4-521F-440E-B6A3-F7C6943EF1F0}.Release|x64.ActiveCfg = Release|Any CPU
		{945385D4-521F-440E-B6A3-F7C6943EF1F0}.Release|x64.Build.0 = Release|Any CPU
		{945385D4-521F-440E-B6A3-F7C6943EF1F0}.Release|x86.ActiveCfg = Release|Any CPU
		{945385D4-521F-440E-B6A3-F7C6943EF1F0}.Release|x86.Build.0 = Release|Any CPU
		{45EDDB83-77D9-417B-8C11-C199074C3355}.Debug|Any CPU.ActiveCfg = Debug|Any CPU
		{45EDDB83-77D9-417B-8C11-C199074C3355}.Debug|Any CPU.Build.0 = Debug|Any CPU
		{45EDDB83-77D9-417B-8C11-C199074C3355}.Debug|x64.ActiveCfg = Debug|Any CPU
		{45EDDB83-77D9-417B-8C11-C199074C3355}.Debug|x64.Build.0 = Debug|Any CPU
		{45EDDB83-77D9-417B-8C11-C199074C3355}.Debug|x86.ActiveCfg = Debug|Any CPU
		{45EDDB83-77D9-417B-8C11-C199074C3355}.Debug|x86.Build.0 = Debug|Any CPU
		{45EDDB83-77D9-417B-8C11-C199074C3355}.Release|Any CPU.ActiveCfg = Release|Any CPU
		{45EDDB83-77D9-417B-8C11-C199074C3355}.Release|Any CPU.Build.0 = Release|Any CPU
		{45EDDB83-77D9-417B-8C11-C199074C3355}.Release|x64.ActiveCfg = Release|Any CPU
		{45EDDB83-77D9-417B-8C11-C199074C3355}.Release|x64.Build.0 = Release|Any CPU
		{45EDDB83-77D9-417B-8C11-C199074C3355}.Release|x86.ActiveCfg = Release|Any CPU
		{45EDDB83-77D9-417B-8C11-C199074C3355}.Release|x86.Build.0 = Release|Any CPU
	EndGlobalSection
	GlobalSection(SolutionProperties) = preSolution
		HideSolutionNode = FALSE
	EndGlobalSection
	GlobalSection(NestedProjects) = preSolution
		{A966E583-0826-4AD4-A90C-B72E113B8D15} = {CC8F5310-CB7F-4A3A-B0DE-D19AAD27E8BE}
		{A1B2C3D4-E5F6-7890-ABCD-EF1234567890} = {CD818228-55E2-371B-8970-595487E8457D}
		{945385D4-521F-440E-B6A3-F7C6943EF1F0} = {CD818228-55E2-371B-8970-595487E8457D}
		{45EDDB83-77D9-417B-8C11-C199074C3355} = {CD818228-55E2-371B-8970-595487E8457D}
	EndGlobalSection
EndGlobal
